{
  "nodes": {
    "dottyp": {
      "inputs": {
        "nixpkgs": [
          "nixpkgs"
        ]
      },
      "locked": {
        "lastModified": 1786547531,
        "narHash": "sha256-WjnGR1jsOHKfi0H5OjEmRPKZZDCxgemLTgpfzS7Y5nY=",
        "owner": "luiswirth",
        "repo": "dottyp",
        "rev": "08d1e28a327079845dcaf2ae638b99e1cc89e2fe",
        "type": "github"
      },
      "original": {
        "owner": "luiswirth",
        "repo": "dottyp",
        "type": "github"
      }
    },
    "nixpkgs": {
      "locked": {
        "lastModified": 1787135253,
        "narHash": "sha256-RD2kNWCG+Bjo6h+JVjWVNntZs2GtRoeY2xHjts/FNkA=",
        "owner": "NixOS",
        "repo": "nixpkgs",
        "rev": "ffb3c9b700e759be2ef13237c9d8f953b32a1e46",
        "type": "github"
      },
      "original": {
        "owner": "NixOS",
        "ref": "nixos-unstable",
        "repo": "nixpkgs",
        "type": "github"
      }
    },
    "root": {
      "inputs": {
        "dottyp": "dottyp",
        "nixpkgs": "nixpkgs"
      }
    }
  },
  "root": "root",
  "version": 7
}
